55c6a60623bb1726108b732ed316b5738a2fd62139058d3a414ef2dc7788d0c8  ljwx-platform-app/src/main/resources/db/migration/V001__init_schema.sql
63b65b7e5b4129d683f5c2954ecb7a513818189fc87c8f84a3cfc9db338c536b  ljwx-platform-app/src/main/resources/db/migration/V002__create_user.sql
cb5f2bee7aebde63edc723fb2ee70b17359edbcf3829befd331174b5c403fdb6  ljwx-platform-app/src/main/resources/db/migration/V003__create_role.sql
8f469df56cbc72b8ff11db30f01b279ff10415348abdaa342ce628ef0e65ccef  ljwx-platform-app/src/main/resources/db/migration/V004__create_permission.sql
f220e0ea9ef8a81bdd0930ddd9c17c7d99abd6bcaf9d491ec1adb5dec98bc0d1  ljwx-platform-app/src/main/resources/db/migration/V005__seed_default_tenant.sql
1df3cd472a378462b0c16f45cb3bca460b1a3a4feddb82fda7bfafc0cf3d26af  ljwx-platform-app/src/main/resources/db/migration/V006__seed_admin_user.sql
a9989bc3f84c4ef18a74ea822eac2b1798bff7af10ce7e955ba295cb024d1977  ljwx-platform-app/src/main/resources/db/migration/V007__seed_permissions.sql
0c390020e06097a3b1c45571749a06b7ecb8f8e77a9e7f2db2975428c7925618  ljwx-platform-app/src/main/resources/db/migration/V008__seed_admin_role.sql
d797267d0c6dd64b072a9fd00d9e9d5f603c3d687f3563f6a4f4bd13decec6aa  ljwx-platform-app/src/main/resources/db/migration/V009__assign_admin_role.sql
970135c6f309f2df37b4a1e5f5af3dc7a689e35da83be59e547c9841ef89c72c  ljwx-platform-app/src/main/resources/db/migration/V010__create_quartz_tables.sql
d8b556e635fe4b67e55d80da3c2febd6d827af26ec0e88282dc8a7a169677b2c  ljwx-platform-app/src/main/resources/db/migration/V011__create_sys_job.sql
af02e37f5f1ce06bd03bc87b75d2881d71062467be2672b4a3c07cfb441aba9f  ljwx-platform-app/src/main/resources/db/migration/V012__create_sys_dict_type.sql
46fe802e0628d4b97163661d77f9d8f8a7c79111812163f02b90e0cd614112c2  ljwx-platform-app/src/main/resources/db/migration/V013__create_sys_dict_data.sql
c1201ef33e8c26295c7c99e0a44d17fe6e3de75c037037cd42aafcd68c9231fc  ljwx-platform-app/src/main/resources/db/migration/V014__create_sys_config.sql
0d190469578a208eed9c6bb9a3fbbf2eafa575920317cbba9068556cebff3e7c  ljwx-platform-app/src/main/resources/db/migration/V015__create_sys_operation_log.sql
f96374173d0dd81380b5ca3f631896bcee792e11d5d20c374283248786f7b9d8  ljwx-platform-app/src/main/resources/db/migration/V016__create_sys_login_log.sql
7c7fe738cd91365323a58ac063aca397ff33c4d349a88ebaf7a26e053f4cca2b  ljwx-platform-app/src/main/resources/db/migration/V017__create_sys_file.sql
ae0e261035c324918887696053d145e86851a8943a251994cdf27614addeb1a6  ljwx-platform-app/src/main/resources/db/migration/V018__create_sys_notice.sql
df2c0af9fdd42ceaf07110df6f515c6c645916d180c195b77dce9ec10083a7a9  ljwx-platform-app/src/main/resources/db/migration/V019__seed_dict_data.sql
f07fe6f6f79a84428982b5da6243cbcffbef0cb0c616d011460f47a33ea83481  ljwx-platform-app/src/main/resources/db/migration/V020__seed_config_data.sql
c8546424f8cb9b10e4b4d6fce077c159e0f03ce864f3ed8b3b7d79a656b2e981  ljwx-platform-app/src/main/resources/db/migration/V021__create_indexes.sql
d6e3198fecba4fb14ef05b88eb461de516a6a2042a54b477190c53190108d59c  ljwx-platform-app/src/main/resources/db/migration/V022__create_sys_menu.sql
6371b80b2046509826806a0bc93f66d1d26a74399b07e1b343d7e8ad7f9d3c4b  ljwx-platform-app/src/main/resources/db/migration/V023__seed_sys_menu.sql
8bccec2f87c45ef8658c1b998e44b038283abf55d5a4bb1148fa103a8adabf9a  ljwx-platform-app/src/main/resources/db/migration/V024__create_sys_dept.sql
b128bcfaf6e0f305c2f17b983535aec424fb243a15030b3e86769a4d102b22ed  ljwx-platform-app/src/main/resources/db/migration/V025__seed_sys_dept.sql
462b88dabfabd3f7e0e9d6bd851dbea8a4b0def88db1c9039447d3c5769960b9  ljwx-platform-app/src/main/resources/db/migration/V026__create_sys_login_log.sql
b9c49008fdb0a982eab73486a24597b31f8946fca98ab4b19fb0d9575c3af2d9  ljwx-platform-app/src/main/resources/db/migration/V027__create_sys_tenant_package.sql
a056c50be3bb4c71b45e578f67ab8d4038191ff4b0f8bd86dbbf8e0b407ad89e  ljwx-platform-app/src/main/resources/db/migration/V028__create_sys_notice_user.sql
546f80b0aa9d8212c414f0de1b5f8d6b498944160bbf74e0484ee0cef81018e8  ljwx-platform-app/src/main/resources/db/migration/V029__seed_phase26_permissions.sql
